
Microsoft Visual Studio Solution File, Format Version 12.00
# Visual Studio Version 16
VisualStudioVersion = 16.0.29215.179
MinimumVisualStudioVersion = 10.0.40219.1
Project("{FAE04EC0-301F-11D3-BF4B-00C04F79EFBC}") = "Demo2FA.UWP", "Demo2FA\Demo2FA.UWP\Demo2FA.UWP.csproj", "{FDDD2F33-5146-4BCF-8F4F-6A9744E6766C}"
EndProject
Project("{FAE04EC0-301F-11D3-BF4B-00C04F79EFBC}") = "Demo2FA.Android", "Demo2FA\Demo2FA.Android\Demo2FA.Android.csproj", "{CAB37BE0-496C-4927-AC49-480DF7E78E20}"
EndProject
Project("{FAE04EC0-301F-11D3-BF4B-00C04F79EFBC}") = "Demo2FA.iOS", "Demo2FA\Demo2FA.iOS\Demo2FA.iOS.csproj", "{9BC68B84-A6B6-436F-8C08-F16FA1ADEC5D}"
EndProject
Project("{FAE04EC0-301F-11D3-BF4B-00C04F79EFBC}") = "Demo2FA", "Demo2FA\Demo2FA\Demo2FA.csproj", "{B9D842A1-BF10-471A-AC04-A08B0E50CFF8}"
EndProject
Global
	GlobalSection(SolutionConfigurationPlatforms) = preSolution
		Debug|Any CPU = Debug|Any CPU
		Debug|ARM = Debug|ARM
		Debug|iPhone = Debug|iPhone
		Debug|iPhoneSimulator = Debug|iPhoneSimulator
		Debug|x64 = Debug|x64
		Debug|x86 = Debug|x86
		Release|Any CPU = Release|Any CPU
		Release|ARM = Release|ARM
		Release|iPhone = Release|iPhone
		Release|iPhoneSimulator = Release|iPhoneSimulator
		Release|x64 = Release|x64
		Release|x86 = Release|x86
	EndGlobalSection
	GlobalSection(ProjectConfigurationPlatforms) = postSolution
		{FDDD2F33-5146-4BCF-8F4F-6A9744E6766C}.Debug|Any CPU.ActiveCfg = Debug|x86
		{FDDD2F33-5146-4BCF-8F4F-6A9744E6766C}.Debug|Any CPU.Build.0 = Debug|x86
		{FDDD2F33-5146-4BCF-8F4F-6A9744E6766C}.Debug|Any CPU.Deploy.0 = Debug|x86
		{FDDD2F33-5146-4BCF-8F4F-6A9744E6766C}.Debug|ARM.ActiveCfg = Debug|ARM
		{FDDD2F33-5146-4BCF-8F4F-6A9744E6766C}.Debug|ARM.Build.0 = Debug|ARM
		{FDDD2F33-5146-4BCF-8F4F-6A9744E6766C}.Debug|ARM.Deploy.0 = Debug|ARM
		{FDDD2F33-5146-4BCF-8F4F-6A9744E6766C}.Debug|iPhone.ActiveCfg = Debug|x86
		{FDDD2F33-5146-4BCF-8F4F-6A9744E6766C}.Debug|iPhone.Build.0 = Debug|x86
		{FDDD2F33-5146-4BCF-8F4F-6A9744E6766C}.Debug|iPhone.Deploy.0 = Debug|x86
		{FDDD2F33-5146-4BCF-8F4F-6A9744E6766C}.Debug|iPhoneSimulator.ActiveCfg = Debug|x86
		{FDDD2F33-5146-4BCF-8F4F-6A9744E6766C}.Debug|iPhoneSimulator.Build.0 = Debug|x86
		{FDDD2F33-5146-4BCF-8F4F-6A9744E6766C}.Debug|iPhoneSimulator.Deploy.0 = Debug|x86
		{FDDD2F33-5146-4BCF-8F4F-6A9744E6766C}.Debug|x64.ActiveCfg = Debug|x64
		{FDDD2F33-5146-4BCF-8F4F-6A9744E6766C}.Debug|x64.Build.0 = Debug|x64
		{FDDD2F33-5146-4BCF-8F4F-6A9744E6766C}.Debug|x64.Deploy.0 = Debug|x64
		{FDDD2F33-5146-4BCF-8F4F-6A9744E6766C}.Debug|x86.ActiveCfg = Debug|x86
		{FDDD2F33-5146-4BCF-8F4F-6A9744E6766C}.Debug|x86.Build.0 = Debug|x86
		{FDDD2F33-5146-4BCF-8F4F-6A9744E6766C}.Debug|x86.Deploy.0 = Debug|x86
		{FDDD2F33-5146-4BCF-8F4F-6A9744E6766C}.Release|Any CPU.ActiveCfg = Release|x86
		{FDDD2F33-5146-4BCF-8F4F-6A9744E6766C}.Release|Any CPU.Build.0 = Release|x86
		{FDDD2F33-5146-4BCF-8F4F-6A9744E6766C}.Release|Any CPU.Deploy.0 = Release|x86
		{FDDD2F33-5146-4BCF-8F4F-6A9744E6766C}.Release|ARM.ActiveCfg = Release|ARM
		{FDDD2F33-5146-4BCF-8F4F-6A9744E6766C}.Release|ARM.Build.0 = Release|ARM
		{FDDD2F33-5146-4BCF-8F4F-6A9744E6766C}.Release|ARM.Deploy.0 = Release|ARM
		{FDDD2F33-5146-4BCF-8F4F-6A9744E6766C}.Release|iPhone.ActiveCfg = Release|x86
		{FDDD2F33-5146-4BCF-8F4F-6A9744E6766C}.Release|iPhone.Build.0 = Release|x86
		{FDDD2F33-5146-4BCF-8F4F-6A9744E6766C}.Release|iPhone.Deploy.0 = Release|x86
		{FDDD2F33-5146-4BCF-8F4F-6A9744E6766C}.Release|iPhoneSimulator.ActiveCfg = Release|x86
		{FDDD2F33-5146-4BCF-8F4F-6A9744E6766C}.Release|iPhoneSimulator.Build.0 = Release|x86
		{FDDD2F33-5146-4BCF-8F4F-6A9744E6766C}.Release|iPhoneSimulator.Deploy.0 = Release|x86
		{FDDD2F33-5146-4BCF-8F4F-6A9744E6766C}.Release|x64.ActiveCfg = Release|x64
		{FDDD2F33-5146-4BCF-8F4F-6A9744E6766C}.Release|x64.Build.0 = Release|x64
		{FDDD2F33-5146-4BCF-8F4F-6A9744E6766C}.Release|x64.Deploy.0 = Release|x64
		{FDDD2F33-5146-4BCF-8F4F-6A9744E6766C}.Release|x86.ActiveCfg = Release|x86
		{FDDD2F33-5146-4BCF-8F4F-6A9744E6766C}.Release|x86.Build.0 = Release|x86
		{FDDD2F33-5146-4BCF-8F4F-6A9744E6766C}.Release|x86.Deploy.0 = Release|x86
		{CAB37BE0-496C-4927-AC49-480DF7E78E20}.Debug|Any CPU.ActiveCfg = Debug|Any CPU
		{CAB37BE0-496C-4927-AC49-480DF7E78E20}.Debug|Any CPU.Build.0 = Debug|Any CPU
		{CAB37BE0-496C-4927-AC49-480DF7E78E20}.Debug|Any CPU.Deploy.0 = Debug|Any CPU
		{CAB37BE0-496C-4927-AC49-480DF7E78E20}.Debug|ARM.ActiveCfg = Debug|Any CPU
		{CAB37BE0-496C-4927-AC49-480DF7E78E20}.Debug|ARM.Build.0 = Debug|Any CPU
		{CAB37BE0-496C-4927-AC49-480DF7E78E20}.Debug|ARM.Deploy.0 = Debug|Any CPU
		{CAB37BE0-496C-4927-AC49-480DF7E78E20}.Debug|iPhone.ActiveCfg = Debug|Any CPU
		{CAB37BE0-496C-4927-AC49-480DF7E78E20}.Debug|iPhone.Build.0 = Debug|Any CPU
		{CAB37BE0-496C-4927-AC49-480DF7E78E20}.Debug|iPhone.Deploy.0 = Debug|Any CPU
		{CAB37BE0-496C-4927-AC49-480DF7E78E20}.Debug|iPhoneSimulator.ActiveCfg = Debug|Any CPU
		{CAB37BE0-496C-4927-AC49-480DF7E78E20}.Debug|iPhoneSimulator.Build.0 = Debug|Any CPU
		{CAB37BE0-496C-4927-AC49-480DF7E78E20}.Debug|iPhoneSimulator.Deploy.0 = Debug|Any CPU
		{CAB37BE0-496C-4927-AC49-480DF7E78E20}.Debug|x64.ActiveCfg = Debug|Any CPU
		{CAB37BE0-496C-4927-AC49-480DF7E78E20}.Debug|x64.Build.0 = Debug|Any CPU
		{CAB37BE0-496C-4927-AC49-480DF7E78E20}.Debug|x64.Deploy.0 = Debug|Any CPU
		{CAB37BE0-496C-4927-AC49-480DF7E78E20}.Debug|x86.ActiveCfg = Debug|Any CPU
		{CAB37BE0-496C-4927-AC49-480DF7E78E20}.Debug|x86.Build.0 = Debug|Any CPU
		{CAB37BE0-496C-4927-AC49-480DF7E78E20}.Debug|x86.Deploy.0 = Debug|Any CPU
		{CAB37BE0-496C-4927-AC49-480DF7E78E20}.Release|Any CPU.ActiveCfg = Release|Any CPU
		{CAB37BE0-496C-4927-AC49-480DF7E78E20}.Release|Any CPU.Build.0 = Release|Any CPU
		{CAB37BE0-496C-4927-AC49-480DF7E78E20}.Release|Any CPU.Deploy.0 = Release|Any CPU
		{CAB37BE0-496C-4927-AC49-480DF7E78E20}.Release|ARM.ActiveCfg = Release|Any CPU
		{CAB37BE0-496C-4927-AC49-480DF7E78E20}.Release|ARM.Build.0 = Release|Any CPU
		{CAB37BE0-496C-4927-AC49-480DF7E78E20}.Release|ARM.Deploy.0 = Release|Any CPU
		{CAB37BE0-496C-4927-AC49-480DF7E78E20}.Release|iPhone.ActiveCfg = Release|Any CPU
		{CAB37BE0-496C-4927-AC49-480DF7E78E20}.Release|iPhone.Build.0 = Release|Any CPU
		{CAB37BE0-496C-4927-AC49-480DF7E78E20}.Release|iPhone.Deploy.0 = Release|Any CPU
		{CAB37BE0-496C-4927-AC49-480DF7E78E20}.Release|iPhoneSimulator.ActiveCfg = Release|Any CPU
		{CAB37BE0-496C-4927-AC49-480DF7E78E20}.Release|iPhoneSimulator.Build.0 = Release|Any CPU
		{CAB37BE0-496C-4927-AC49-480DF7E78E20}.Release|iPhoneSimulator.Deploy.0 = Release|Any CPU
		{CAB37BE0-496C-4927-AC49-480DF7E78E20}.Release|x64.ActiveCfg = Release|Any CPU
		{CAB37BE0-496C-4927-AC49-480DF7E78E20}.Release|x64.Build.0 = Release|Any CPU
		{CAB37BE0-496C-4927-AC49-480DF7E78E20}.Release|x64.Deploy.0 = Release|Any CPU
		{CAB37BE0-496C-4927-AC49-480DF7E78E20}.Release|x86.ActiveCfg = Release|Any CPU
		{CAB37BE0-496C-4927-AC49-480DF7E78E20}.Release|x86.Build.0 = Release|Any CPU
		{CAB37BE0-496C-4927-AC49-480DF7E78E20}.Release|x86.Deploy.0 = Release|Any CPU
		{9BC68B84-A6B6-436F-8C08-F16FA1ADEC5D}.Debug|Any CPU.ActiveCfg = Debug|iPhone
		{9BC68B84-A6B6-436F-8C08-F16FA1ADEC5D}.Debug|Any CPU.Build.0 = Debug|iPhone
		{9BC68B84-A6B6-436F-8C08-F16FA1ADEC5D}.Debug|Any CPU.Deploy.0 = Debug|iPhone
		{9BC68B84-A6B6-436F-8C08-F16FA1ADEC5D}.Debug|ARM.ActiveCfg = Debug|iPhoneSimulator
		{9BC68B84-A6B6-436F-8C08-F16FA1ADEC5D}.Debug|ARM.Build.0 = Debug|iPhoneSimulator
		{9BC68B84-A6B6-436F-8C08-F16FA1ADEC5D}.Debug|ARM.Deploy.0 = Debug|iPhoneSimulator
		{9BC68B84-A6B6-436F-8C08-F16FA1ADEC5D}.Debug|iPhone.ActiveCfg = Debug|iPhone
		{9BC68B84-A6B6-436F-8C08-F16FA1ADEC5D}.Debug|iPhone.Build.0 = Debug|iPhone
		{9BC68B84-A6B6-436F-8C08-F16FA1ADEC5D}.Debug|iPhone.Deploy.0 = Debug|iPhone
		{9BC68B84-A6B6-436F-8C08-F16FA1ADEC5D}.Debug|iPhoneSimulator.ActiveCfg = Debug|iPhoneSimulator
		{9BC68B84-A6B6-436F-8C08-F16FA1ADEC5D}.Debug|iPhoneSimulator.Build.0 = Debug|iPhoneSimulator
		{9BC68B84-A6B6-436F-8C08-F16FA1ADEC5D}.Debug|iPhoneSimulator.Deploy.0 = Debug|iPhoneSimulator
		{9BC68B84-A6B6-436F-8C08-F16FA1ADEC5D}.Debug|x64.ActiveCfg = Debug|iPhone
		{9BC68B84-A6B6-436F-8C08-F16FA1ADEC5D}.Debug|x64.Build.0 = Debug|iPhone
		{9BC68B84-A6B6-436F-8C08-F16FA1ADEC5D}.Debug|x64.Deploy.0 = Debug|iPhone
		{9BC68B84-A6B6-436F-8C08-F16FA1ADEC5D}.Debug|x86.ActiveCfg = Debug|iPhone
		{9BC68B84-A6B6-436F-8C08-F16FA1ADEC5D}.Debug|x86.Build.0 = Debug|iPhone
		{9BC68B84-A6B6-436F-8C08-F16FA1ADEC5D}.Debug|x86.Deploy.0 = Debug|iPhone
		{9BC68B84-A6B6-436F-8C08-F16FA1ADEC5D}.Release|Any CPU.ActiveCfg = Release|iPhone
		{9BC68B84-A6B6-436F-8C08-F16FA1ADEC5D}.Release|Any CPU.Build.0 = Release|iPhone
		{9BC68B84-A6B6-436F-8C08-F16FA1ADEC5D}.Release|Any CPU.Deploy.0 = Release|iPhone
		{9BC68B84-A6B6-436F-8C08-F16FA1ADEC5D}.Release|ARM.ActiveCfg = Release|iPhone
		{9BC68B84-A6B6-436F-8C08-F16FA1ADEC5D}.Release|ARM.Build.0 = Release|iPhone
		{9BC68B84-A6B6-436F-8C08-F16FA1ADEC5D}.Release|ARM.Deploy.0 = Release|iPhone
		{9BC68B84-A6B6-436F-8C08-F16FA1ADEC5D}.Release|iPhone.ActiveCfg = Release|iPhone
		{9BC68B84-A6B6-436F-8C08-F16FA1ADEC5D}.Release|iPhone.Build.0 = Release|iPhone
		{9BC68B84-A6B6-436F-8C08-F16FA1ADEC5D}.Release|iPhone.Deploy.0 = Release|iPhone
		{9BC68B84-A6B6-436F-8C08-F16FA1ADEC5D}.Release|iPhoneSimulator.ActiveCfg = Release|iPhoneSimulator
		{9BC68B84-A6B6-436F-8C08-F16FA1ADEC5D}.Release|iPhoneSimulator.Build.0 = Release|iPhoneSimulator
		{9BC68B84-A6B6-436F-8C08-F16FA1ADEC5D}.Release|iPhoneSimulator.Deploy.0 = Release|iPhoneSimulator
		{9BC68B84-A6B6-436F-8C08-F16FA1ADEC5D}.Release|x64.ActiveCfg = Release|iPhone
		{9BC68B84-A6B6-436F-8C08-F16FA1ADEC5D}.Release|x64.Build.0 = Release|iPhone
		{9BC68B84-A6B6-436F-8C08-F16FA1ADEC5D}.Release|x64.Deploy.0 = Release|iPhone
		{9BC68B84-A6B6-436F-8C08-F16FA1ADEC5D}.Release|x86.ActiveCfg = Release|iPhone
		{9BC68B84-A6B6-436F-8C08-F16FA1ADEC5D}.Release|x86.Build.0 = Release|iPhone
		{9BC68B84-A6B6-436F-8C08-F16FA1ADEC5D}.Release|x86.Deploy.0 = Release|iPhone
		{B9D842A1-BF10-471A-AC04-A08B0E50CFF8}.Debug|Any CPU.ActiveCfg = Debug|Any CPU
		{B9D842A1-BF10-471A-AC04-A08B0E50CFF8}.Debug|Any CPU.Build.0 = Debug|Any CPU
		{B9D842A1-BF10-471A-AC04-A08B0E50CFF8}.Debug|Any CPU.Deploy.0 = Debug|Any CPU
		{B9D842A1-BF10-471A-AC04-A08B0E50CFF8}.Debug|ARM.ActiveCfg = Debug|Any CPU
		{B9D842A1-BF10-471A-AC04-A08B0E50CFF8}.Debug|ARM.Build.0 = Debug|Any CPU
		{B9D842A1-BF10-471A-AC04-A08B0E50CFF8}.Debug|ARM.Deploy.0 = Debug|Any CPU
		{B9D842A1-BF10-471A-AC04-A08B0E50CFF8}.Debug|iPhone.ActiveCfg = Debug|Any CPU
		{B9D842A1-BF10-471A-AC04-A08B0E50CFF8}.Debug|iPhone.Build.0 = Debug|Any CPU
		{B9D842A1-BF10-471A-AC04-A08B0E50CFF8}.Debug|iPhone.Deploy.0 = Debug|Any CPU
		{B9D842A1-BF10-471A-AC04-A08B0E50CFF8}.Debug|iPhoneSimulator.ActiveCfg = Debug|Any CPU
		{B9D842A1-BF10-471A-AC04-A08B0E50CFF8}.Debug|iPhoneSimulator.Build.0 = Debug|Any CPU
		{B9D842A1-BF10-471A-AC04-A08B0E50CFF8}.Debug|iPhoneSimulator.Deploy.0 = Debug|Any CPU
		{B9D842A1-BF10-471A-AC04-A08B0E50CFF8}.Debug|x64.ActiveCfg = Debug|Any CPU
		{B9D842A1-BF10-471A-AC04-A08B0E50CFF8}.Debug|x64.Build.0 = Debug|Any CPU
		{B9D842A1-BF10-471A-AC04-A08B0E50CFF8}.Debug|x64.Deploy.0 = Debug|Any CPU
		{B9D842A1-BF10-471A-AC04-A08B0E50CFF8}.Debug|x86.ActiveCfg = Debug|Any CPU
		{B9D842A1-BF10-471A-AC04-A08B0E50CFF8}.Debug|x86.Build.0 = Debug|Any CPU
		{B9D842A1-BF10-471A-AC04-A08B0E50CFF8}.Debug|x86.Deploy.0 = Debug|Any CPU
		{B9D842A1-BF10-471A-AC04-A08B0E50CFF8}.Release|Any CPU.ActiveCfg = Release|Any CPU
		{B9D842A1-BF10-471A-AC04-A08B0E50CFF8}.Release|Any CPU.Build.0 = Release|Any CPU
		{B9D842A1-BF10-471A-AC04-A08B0E50CFF8}.Release|Any CPU.Deploy.0 = Release|Any CPU
		{B9D842A1-BF10-471A-AC04-A08B0E50CFF8}.Release|ARM.ActiveCfg = Release|Any CPU
		{B9D842A1-BF10-471A-AC04-A08B0E50CFF8}.Release|ARM.Build.0 = Release|Any CPU
		{B9D842A1-BF10-471A-AC04-A08B0E50CFF8}.Release|ARM.Deploy.0 = Release|Any CPU
		{B9D842A1-BF10-471A-AC04-A08B0E50CFF8}.Release|iPhone.ActiveCfg = Release|Any CPU
		{B9D842A1-BF10-471A-AC04-A08B0E50CFF8}.Release|iPhone.Build.0 = Release|Any CPU
		{B9D842A1-BF10-471A-AC04-A08B0E50CFF8}.Release|iPhone.Deploy.0 = Release|Any CPU
		{B9D842A1-BF10-471A-AC04-A08B0E50CFF8}.Release|iPhoneSimulator.ActiveCfg = Release|Any CPU
		{B9D842A1-BF10-471A-AC04-A08B0E50CFF8}.Release|iPhoneSimulator.Build.0 = Release|Any CPU
		{B9D842A1-BF10-471A-AC04-A08B0E50CFF8}.Release|iPhoneSimulator.Deploy.0 = Release|Any CPU
		{B9D842A1-BF10-471A-AC04-A08B0E50CFF8}.Release|x64.ActiveCfg = Release|Any CPU
		{B9D842A1-BF10-471A-AC04-A08B0E50CFF8}.Release|x64.Build.0 = Release|Any CPU
		{B9D842A1-BF10-471A-AC04-A08B0E50CFF8}.Release|x64.Deploy.0 = Release|Any CPU
		{B9D842A1-BF10-471A-AC04-A08B0E50CFF8}.Release|x86.ActiveCfg = Release|Any CPU
		{B9D842A1-BF10-471A-AC04-A08B0E50CFF8}.Release|x86.Build.0 = Release|Any CPU
		{B9D842A1-BF10-471A-AC04-A08B0E50CFF8}.Release|x86.Deploy.0 = Release|Any CPU
	EndGlobalSection
	GlobalSection(SolutionProperties) = preSolution
		HideSolutionNode = FALSE
	EndGlobalSection
	GlobalSection(ExtensibilityGlobals) = postSolution
		SolutionGuid = {BDC436A7-38A7-4D7F-8728-2CFB5E6C2FF5}
	EndGlobalSection
EndGlobal
